
Microsoft Visual Studio Solution File, Format Version 12.00
# Visual Studio 14
VisualStudioVersion = 14.0.25420.1
MinimumVisualStudioVersion = 10.0.40219.1
Project("{FAE04EC0-301F-11D3-BF4B-00C04F79EFBC}") = "CapaDatos", "CapaDatos\CapaDatos.csproj", "{B7C09C41-7421-4893-BB5F-CD1FFC2825F3}"
EndProject
Project("{FAE04EC0-301F-11D3-BF4B-00C04F79EFBC}") = "CapaPresentacion", "CapaPresentacion\CapaPresentacion.csproj", "{1A71E5C5-2302-47EB-BE38-55ABFBAE7B02}"
EndProject
Project("{FAE04EC0-301F-11D3-BF4B-00C04F79EFBC}") = "CapaNegocio", "CapaNegocio\CapaNegocio.csproj", "{810462BC-9D4B-467A-AEA3-95C8C0008052}"
EndProject
Global
	GlobalSection(SolutionConfigurationPlatforms) = preSolution
		Debug|Any CPU = Debug|Any CPU
		Release|Any CPU = Release|Any CPU
	EndGlobalSection
	GlobalSection(ProjectConfigurationPlatforms) = postSolution
		{B7C09C41-7421-4893-BB5F-CD1FFC2825F3}.Debug|Any CPU.ActiveCfg = Debug|Any CPU
		{B7C09C41-7421-4893-BB5F-CD1FFC2825F3}.Debug|Any CPU.Build.0 = Debug|Any CPU
		{B7C09C41-7421-4893-BB5F-CD1FFC2825F3}.Release|Any CPU.ActiveCfg = Release|Any CPU
		{B7C09C41-7421-4893-BB5F-CD1FFC2825F3}.Release|Any CPU.Build.0 = Release|Any CPU
		{1A71E5C5-2302-47EB-BE38-55ABFBAE7B02}.Debug|Any CPU.ActiveCfg = Debug|Any CPU
		{1A71E5C5-2302-47EB-BE38-55ABFBAE7B02}.Debug|Any CPU.Build.0 = Debug|Any CPU
		{1A71E5C5-2302-47EB-BE38-55ABFBAE7B02}.Release|Any CPU.ActiveCfg = Release|Any CPU
		{1A71E5C5-2302-47EB-BE38-55ABFBAE7B02}.Release|Any CPU.Build.0 = Release|Any CPU
		{810462BC-9D4B-467A-AEA3-95C8C0008052}.Debug|Any CPU.ActiveCfg = Debug|Any CPU
		{810462BC-9D4B-467A-AEA3-95C8C0008052}.Debug|Any CPU.Build.0 = Debug|Any CPU
		{810462BC-9D4B-467A-AEA3-95C8C0008052}.Release|Any CPU.ActiveCfg = Release|Any CPU
		{810462BC-9D4B-467A-AEA3-95C8C0008052}.Release|Any CPU.Build.0 = Release|Any CPU
	EndGlobalSection
	GlobalSection(SolutionProperties) = preSolution
		HideSolutionNode = FALSE
	EndGlobalSection
EndGlobal
